
Microsoft Visual Studio Solution File, Format Version 12.00
# Visual Studio Version 16
VisualStudioVersion = 16.0.30011.22
MinimumVisualStudioVersion = 10.0.40219.1
Project("{9A19103F-16F7-4668-BE54-9A1E7A4F7556}") = "Data", "Data\Data.csproj", "{07A6E1F5-97CB-4188-8B2D-F03C182DE997}"
EndProject
Project("{9A19103F-16F7-4668-BE54-9A1E7A4F7556}") = "TestJorge", "TestJorge\TestJorge.csproj", "{6A5FDF17-1B05-4325-93D6-BFC226DF4587}"
EndProject
Global
	GlobalSection(SolutionConfigurationPlatforms) = preSolution
		Debug|Any CPU = Debug|Any CPU
		Release|Any CPU = Release|Any CPU
	EndGlobalSection
	GlobalSection(ProjectConfigurationPlatforms) = postSolution
		{07A6E1F5-97CB-4188-8B2D-F03C182DE997}.Debug|Any CPU.ActiveCfg = Debug|Any CPU
		{07A6E1F5-97CB-4188-8B2D-F03C182DE997}.Debug|Any CPU.Build.0 = Debug|Any CPU
		{07A6E1F5-97CB-4188-8B2D-F03C182DE997}.Release|Any CPU.ActiveCfg = Release|Any CPU
		{07A6E1F5-97CB-4188-8B2D-F03C182DE997}.Release|Any CPU.Build.0 = Release|Any CPU
		{6A5FDF17-1B05-4325-93D6-BFC226DF4587}.Debug|Any CPU.ActiveCfg = Debug|Any CPU
		{6A5FDF17-1B05-4325-93D6-BFC226DF4587}.Debug|Any CPU.Build.0 = Debug|Any CPU
		{6A5FDF17-1B05-4325-93D6-BFC226DF4587}.Release|Any CPU.ActiveCfg = Release|Any CPU
		{6A5FDF17-1B05-4325-93D6-BFC226DF4587}.Release|Any CPU.Build.0 = Release|Any CPU
	EndGlobalSection
	GlobalSection(SolutionProperties) = preSolution
		HideSolutionNode = FALSE
	EndGlobalSection
	GlobalSection(ExtensibilityGlobals) = postSolution
		SolutionGuid = {5EB26AAC-6CD8-42F0-B29D-2F81CD04ED37}
	EndGlobalSection
EndGlobal
